{
	"name": "next-graph-node",
	"version": "0.0.0",
	"lockfileVersion": 2,
	"requires": true,
	"packages": {
		"": {
			"name": "next-graph-node",
			"version": "0.0.0",
			"license": "MIT",
			"dependencies": {
				"ansi-colors-and-styles": "^1.0.3"
			},
			"devDependencies": {},
			"engines": {
				"node": ">=16"
			}
		},
		"node_modules/ansi-colors-and-styles": {
			"version": "1.0.3",
			"resolved": "https://registry.npmjs.org/ansi-colors-and-styles/-/ansi-colors-and-styles-1.0.3.tgz",
			"integrity": "sha512-Nh79L9mUpz/rxKJna9hTdyuJZaDF7s0cGbWc7hDJJ6c7YSGEcV1ak/fHDXw+9V+u5qeHeITeeLgX7Pwl5vRz6g=="
		}
	},
	"dependencies": {
		"ansi-colors-and-styles": {
			"version": "1.0.3",
			"resolved": "https://registry.npmjs.org/ansi-colors-and-styles/-/ansi-colors-and-styles-1.0.3.tgz",
			"integrity": "sha512-Nh79L9mUpz/rxKJna9hTdyuJZaDF7s0cGbWc7hDJJ6c7YSGEcV1ak/fHDXw+9V+u5qeHeITeeLgX7Pwl5vRz6g=="
		}
	}
}
